# THIS IS AN AUTOGENERATED FILE. DO NOT EDIT THIS FILE DIRECTLY.
# yarn lockfile v1


"@types/bluebird@^3.5.33":
  version "3.5.33"
  resolved "https://registry.yarnpkg.com/@types/bluebird/-/bluebird-3.5.33.tgz#d79c020f283bd50bd76101d7d300313c107325fc"
  integrity sha512-ndEo1xvnYeHxm7I/5sF6tBvnsA4Tdi3zj1keRKRs12SP+2ye2A27NDJ1B6PqkfMbGAcT+mqQVqbZRIrhfOp5PQ==

"@types/node@^14.14.6":
  version "14.14.20"
  resolved "https://registry.yarnpkg.com/@types/node/-/node-14.14.20.tgz#f7974863edd21d1f8a494a73e8e2b3658615c340"
  integrity sha512-Y93R97Ouif9JEOWPIUyU+eyIdyRqQR0I8Ez1dzku4hDx34NWh4HbtIc3WNzwB1Y9ULvNGeu5B8h8bVL5cAk4/A==

bluebird@^3.7.2:
  version "3.7.2"
  resolved "https://registry.yarnpkg.com/bluebird/-/bluebird-3.7.2.tgz#9f229c15be272454ffa973ace0dbee79a1b0c36f"
  integrity sha512-XpNj6GDQzdfW+r2Wnn7xiSAd7TM3jzkxGXBGTtWKuSXv1xUV+azxAm8jdWZN06QTQk+2N2XB9jRDkvbmQmcRtg==

node-bin-setup@^1.0.0:
  version "1.0.6"
  resolved "https://registry.yarnpkg.com/node-bin-setup/-/node-bin-setup-1.0.6.tgz#4b5c9bb937ece702d7069b36ca78af4684677528"
  integrity sha512-uPIxXNis1CRbv1DwqAxkgBk5NFV3s7cMN/Gf556jSw6jBvV7ca4F9lRL/8cALcZecRibeqU+5dFYqFFmzv5a0Q==

node@^15.0.1:
  version "15.4.0"
  resolved "https://registry.yarnpkg.com/node/-/node-15.4.0.tgz#70b1f8898b0ba0f05d5711ca5b754377c8e3f9d8"
  integrity sha512-5U2brpLFBE58pAEwbTD+QRUomMomtdeONZFwJcf0j2Cljj+vb6BecP9vDEKAY/r1XEsnjz9eaKjMfVms8dGKRA==
  dependencies:
    node-bin-setup "^1.0.0"
